
Microsoft Visual Studio Solution File, Format Version 12.00
# Visual Studio 14
VisualStudioVersion = 14.0.24720.0
MinimumVisualStudioVersion = 10.0.40219.1
Project("{FAE04EC0-301F-11D3-BF4B-00C04F79EFBC}") = "TestingAngularVS", "TestingAngularVS\TestingAngularVS.csproj", "{9EF7D7AA-0776-4EE7-92C7-7DFA0F75720C}"
EndProject
Project("{FAE04EC0-301F-11D3-BF4B-00C04F79EFBC}") = "TestingAngularVS.Tests", "TestingAngularVS.Tests\TestingAngularVS.Tests.csproj", "{7EECA493-419E-47AD-BEDD-FC7F25DF2406}"
EndProject
Global
	GlobalSection(SolutionConfigurationPlatforms) = preSolution
		Debug|Any CPU = Debug|Any CPU
		Release|Any CPU = Release|Any CPU
	EndGlobalSection
	GlobalSection(ProjectConfigurationPlatforms) = postSolution
		{9EF7D7AA-0776-4EE7-92C7-7DFA0F75720C}.Debug|Any CPU.ActiveCfg = Debug|Any CPU
		{9EF7D7AA-0776-4EE7-92C7-7DFA0F75720C}.Debug|Any CPU.Build.0 = Debug|Any CPU
		{9EF7D7AA-0776-4EE7-92C7-7DFA0F75720C}.Release|Any CPU.ActiveCfg = Release|Any CPU
		{9EF7D7AA-0776-4EE7-92C7-7DFA0F75720C}.Release|Any CPU.Build.0 = Release|Any CPU
		{7EECA493-419E-47AD-BEDD-FC7F25DF2406}.Debug|Any CPU.ActiveCfg = Debug|Any CPU
		{7EECA493-419E-47AD-BEDD-FC7F25DF2406}.Debug|Any CPU.Build.0 = Debug|Any CPU
		{7EECA493-419E-47AD-BEDD-FC7F25DF2406}.Release|Any CPU.ActiveCfg = Release|Any CPU
		{7EECA493-419E-47AD-BEDD-FC7F25DF2406}.Release|Any CPU.Build.0 = Release|Any CPU
	EndGlobalSection
	GlobalSection(SolutionProperties) = preSolution
		HideSolutionNode = FALSE
	EndGlobalSection
EndGlobal
